
Microsoft Visual Studio Solution File, Format Version 12.00
# Visual Studio 15
VisualStudioVersion = 15.0.27703.2026
MinimumVisualStudioVersion = 10.0.40219.1
Project("{FAE04EC0-301F-11D3-BF4B-00C04F79EFBC}") = "Abhay_EvolentAssignment", "Abhay_EvolentAssignment\Abhay_EvolentAssignment.csproj", "{428154F9-BEA8-4AE9-8481-42E0A133FE15}"
EndProject
Project("{FAE04EC0-301F-11D3-BF4B-00C04F79EFBC}") = "Entities", "Entities\Entities.csproj", "{792E7F2A-B08C-4E45-AC81-56B603443639}"
EndProject
Project("{FAE04EC0-301F-11D3-BF4B-00C04F79EFBC}") = "Services", "Services\Services.csproj", "{CC73D7FF-69E8-4277-B721-68555E1DA69F}"
EndProject
Project("{FAE04EC0-301F-11D3-BF4B-00C04F79EFBC}") = "Repository", "Repository\Repository.csproj", "{43B29530-3F40-4F07-81D3-7BB1CE169A24}"
EndProject
Project("{FAE04EC0-301F-11D3-BF4B-00C04F79EFBC}") = "Common", "Common\Common.csproj", "{8CD828F7-FB77-4D1C-ABC8-2FEEC094F823}"
EndProject
Global
	GlobalSection(SolutionConfigurationPlatforms) = preSolution
		Debug|Any CPU = Debug|Any CPU
		Release|Any CPU = Release|Any CPU
	EndGlobalSection
	GlobalSection(ProjectConfigurationPlatforms) = postSolution
		{428154F9-BEA8-4AE9-8481-42E0A133FE15}.Debug|Any CPU.ActiveCfg = Debug|Any CPU
		{428154F9-BEA8-4AE9-8481-42E0A133FE15}.Debug|Any CPU.Build.0 = Debug|Any CPU
		{428154F9-BEA8-4AE9-8481-42E0A133FE15}.Release|Any CPU.ActiveCfg = Release|Any CPU
		{428154F9-BEA8-4AE9-8481-42E0A133FE15}.Release|Any CPU.Build.0 = Release|Any CPU
		{792E7F2A-B08C-4E45-AC81-56B603443639}.Debug|Any CPU.ActiveCfg = Debug|Any CPU
		{792E7F2A-B08C-4E45-AC81-56B603443639}.Debug|Any CPU.Build.0 = Debug|Any CPU
		{792E7F2A-B08C-4E45-AC81-56B603443639}.Release|Any CPU.ActiveCfg = Release|Any CPU
		{792E7F2A-B08C-4E45-AC81-56B603443639}.Release|Any CPU.Build.0 = Release|Any CPU
		{CC73D7FF-69E8-4277-B721-68555E1DA69F}.Debug|Any CPU.ActiveCfg = Debug|Any CPU
		{CC73D7FF-69E8-4277-B721-68555E1DA69F}.Debug|Any CPU.Build.0 = Debug|Any CPU
		{CC73D7FF-69E8-4277-B721-68555E1DA69F}.Release|Any CPU.ActiveCfg = Release|Any CPU
		{CC73D7FF-69E8-4277-B721-68555E1DA69F}.Release|Any CPU.Build.0 = Release|Any CPU
		{43B29530-3F40-4F07-81D3-7BB1CE169A24}.Debug|Any CPU.ActiveCfg = Debug|Any CPU
		{43B29530-3F40-4F07-81D3-7BB1CE169A24}.Debug|Any CPU.Build.0 = Debug|Any CPU
		{43B29530-3F40-4F07-81D3-7BB1CE169A24}.Release|Any CPU.ActiveCfg = Release|Any CPU
		{43B29530-3F40-4F07-81D3-7BB1CE169A24}.Release|Any CPU.Build.0 = Release|Any CPU
		{8CD828F7-FB77-4D1C-ABC8-2FEEC094F823}.Debug|Any CPU.ActiveCfg = Debug|Any CPU
		{8CD828F7-FB77-4D1C-ABC8-2FEEC094F823}.Debug|Any CPU.Build.0 = Debug|Any CPU
		{8CD828F7-FB77-4D1C-ABC8-2FEEC094F823}.Release|Any CPU.ActiveCfg = Release|Any CPU
		{8CD828F7-FB77-4D1C-ABC8-2FEEC094F823}.Release|Any CPU.Build.0 = Release|Any CPU
	EndGlobalSection
	GlobalSection(SolutionProperties) = preSolution
		HideSolutionNode = FALSE
	EndGlobalSection
	GlobalSection(ExtensibilityGlobals) = postSolution
		SolutionGuid = {9FF6E900-F267-4B49-B087-6B699974A31C}
	EndGlobalSection
EndGlobal
